
Microsoft Visual Studio Solution File, Format Version 12.00
# Visual Studio 15
VisualStudioVersion = 15.0.28307.572
MinimumVisualStudioVersion = 10.0.40219.1
Project("{FAE04EC0-301F-11D3-BF4B-00C04F79EFBC}") = "Dijkstra", "Dijkstra\Dijkstra.csproj", "{07DA6F08-CC44-4C11-9140-8F2C09B1F8A7}"
EndProject
Project("{FAE04EC0-301F-11D3-BF4B-00C04F79EFBC}") = "SortedSetTests", "SortedSetTests\SortedSetTests.csproj", "{A44D0011-A5C7-446E-A701-807F6DBEB1CB}"
EndProject
Global
	GlobalSection(SolutionConfigurationPlatforms) = preSolution
		Debug|Any CPU = Debug|Any CPU
		Release|Any CPU = Release|Any CPU
	EndGlobalSection
	GlobalSection(ProjectConfigurationPlatforms) = postSolution
		{07DA6F08-CC44-4C11-9140-8F2C09B1F8A7}.Debug|Any CPU.ActiveCfg = Debug|Any CPU
		{07DA6F08-CC44-4C11-9140-8F2C09B1F8A7}.Debug|Any CPU.Build.0 = Debug|Any CPU
		{07DA6F08-CC44-4C11-9140-8F2C09B1F8A7}.Release|Any CPU.ActiveCfg = Release|Any CPU
		{07DA6F08-CC44-4C11-9140-8F2C09B1F8A7}.Release|Any CPU.Build.0 = Release|Any CPU
		{A44D0011-A5C7-446E-A701-807F6DBEB1CB}.Debug|Any CPU.ActiveCfg = Debug|Any CPU
		{A44D0011-A5C7-446E-A701-807F6DBEB1CB}.Debug|Any CPU.Build.0 = Debug|Any CPU
		{A44D0011-A5C7-446E-A701-807F6DBEB1CB}.Release|Any CPU.ActiveCfg = Release|Any CPU
		{A44D0011-A5C7-446E-A701-807F6DBEB1CB}.Release|Any CPU.Build.0 = Release|Any CPU
	EndGlobalSection
	GlobalSection(SolutionProperties) = preSolution
		HideSolutionNode = FALSE
	EndGlobalSection
	GlobalSection(ExtensibilityGlobals) = postSolution
		SolutionGuid = {009AB745-0627-49C0-AEA6-5330E5090E1E}
	EndGlobalSection
EndGlobal
